
Microsoft Visual Studio Solution File, Format Version 12.00
# Visual Studio 15
VisualStudioVersion = 15.0.26430.14
MinimumVisualStudioVersion = 10.0.40219.1
Project("{F2A71F9B-5D33-465A-A702-920D77279786}") = "domain", "src\domain\domain.fsproj", "{DDAD1212-842E-4733-9ECB-352F8E8055DF}"
EndProject
Project("{F2A71F9B-5D33-465A-A702-920D77279786}") = "services", "src\services\services.fsproj", "{1D53FD82-4DC2-4346-A08A-9E31CDA70D75}"
EndProject
Project("{F2A71F9B-5D33-465A-A702-920D77279786}") = "api", "src\api\api.fsproj", "{CB0C317A-CE3B-4F4A-9E74-266DE4F41D7A}"
EndProject
Global
	GlobalSection(SolutionConfigurationPlatforms) = preSolution
		Debug|Any CPU = Debug|Any CPU
		Release|Any CPU = Release|Any CPU
	EndGlobalSection
	GlobalSection(ProjectConfigurationPlatforms) = postSolution
		{DDAD1212-842E-4733-9ECB-352F8E8055DF}.Debug|Any CPU.ActiveCfg = Debug|Any CPU
		{DDAD1212-842E-4733-9ECB-352F8E8055DF}.Debug|Any CPU.Build.0 = Debug|Any CPU
		{DDAD1212-842E-4733-9ECB-352F8E8055DF}.Release|Any CPU.ActiveCfg = Release|Any CPU
		{DDAD1212-842E-4733-9ECB-352F8E8055DF}.Release|Any CPU.Build.0 = Release|Any CPU
		{1D53FD82-4DC2-4346-A08A-9E31CDA70D75}.Debug|Any CPU.ActiveCfg = Debug|Any CPU
		{1D53FD82-4DC2-4346-A08A-9E31CDA70D75}.Debug|Any CPU.Build.0 = Debug|Any CPU
		{1D53FD82-4DC2-4346-A08A-9E31CDA70D75}.Release|Any CPU.ActiveCfg = Release|Any CPU
		{1D53FD82-4DC2-4346-A08A-9E31CDA70D75}.Release|Any CPU.Build.0 = Release|Any CPU
		{CB0C317A-CE3B-4F4A-9E74-266DE4F41D7A}.Debug|Any CPU.ActiveCfg = Debug|Any CPU
		{CB0C317A-CE3B-4F4A-9E74-266DE4F41D7A}.Debug|Any CPU.Build.0 = Debug|Any CPU
		{CB0C317A-CE3B-4F4A-9E74-266DE4F41D7A}.Release|Any CPU.ActiveCfg = Release|Any CPU
		{CB0C317A-CE3B-4F4A-9E74-266DE4F41D7A}.Release|Any CPU.Build.0 = Release|Any CPU
	EndGlobalSection
	GlobalSection(SolutionProperties) = preSolution
		HideSolutionNode = FALSE
	EndGlobalSection
EndGlobal
